// !$*UTF8*$!
{
	archiveVersion = 1;
	classes = {
	};
	objectVersion = 46;
	objects = {

/* Begin PBXBuildFile section */
		A1083ADF1A388281007EF3C9 /* main.m in Sources */ = {isa = PBXBuildFile; fileRef = A1083ADE1A388281007EF3C9 /* main.m */; };
		A1083AE21A388281007EF3C9 /* AppDelegate.m in Sources */ = {isa = PBXBuildFile; fileRef = A1083AE11A388281007EF3C9 /* AppDelegate.m */; };
		A1083AE51A388281007EF3C9 /* ViewController.m in Sources */ = {isa = PBXBuildFile; fileRef = A1083AE41A388281007EF3C9 /* ViewController.m */; };
		A1083AEA1A388281007EF3C9 /* Images.xcassets in Resources */ = {isa = PBXBuildFile; fileRef = A1083AE91A388281007EF3C9 /* Images.xcassets */; };
		A1083AF91A388281007EF3C9 /* Product_CatalogueTests.m in Sources */ = {isa = PBXBuildFile; fileRef = A1083AF81A388281007EF3C9 /* Product_CatalogueTests.m */; };
		A1D3A4771A38845B001DF93D /* LaunchScreen.xib in Resources */ = {isa = PBXBuildFile; fileRef = A1D3A4731A38845B001DF93D /* LaunchScreen.xib */; };
		A1D3A4781A38845B001DF93D /* Main.storyboard in Resources */ = {isa = PBXBuildFile; fileRef = A1D3A4751A38845B001DF93D /* Main.storyboard */; };
/* End PBXBuildFile section */

/* Begin PBXContainerItemProxy section */
		A1083AF31A388281007EF3C9 /* PBXContainerItemProxy */ = {
			isa = PBXContainerItemProxy;
			containerPortal = A1083AD11A388280007EF3C9 /* Project object */;
			proxyType = 1;
			remoteGlobalIDString = A1083AD81A388280007EF3C9;
			remoteInfo = "Product Catalogue";
		};
/* End PBXContainerItemProxy section */

/* Begin PBXFileReference section */
		A1083AD91A388280007EF3C9 /* Product Catalogue.app */ = {isa = PBXFileReference; explicitFileType = wrapper.application; includeInIndex = 0; path = "Product Catalogue.app"; sourceTree = BUILT_PRODUCTS_DIR; };
		A1083ADD1A388281007EF3C9 /* Info.plist */ = {isa = PBXFileReference; lastKnownFileType = text.plist.xml; path = Info.plist; sourceTree = "<group>"; };
		A1083ADE1A388281007EF3C9 /* main.m */ = {isa = PBXFileReference; lastKnownFileType = sourcecode.c.objc; path = main.m; sourceTree = "<group>"; };
		A1083AE01A388281007EF3C9 /* AppDelegate.h */ = {isa = PBXFileReference; lastKnownFileType = sourcecode.c.h; path = AppDelegate.h; sourceTree = "<group>"; };
		A1083AE11A388281007EF3C9 /* AppDelegate.m */ = {isa = PBXFileReference; lastKnownFileType = sourcecode.c.objc; path = AppDelegate.m; sourceTree = "<group>"; };
		A1083AE31A388281007EF3C9 /* ViewController.h */ = {isa = PBXFileReference; lastKnownFileType = sourcecode.c.h; path = ViewController.h; sourceTree = "<group>"; };
		A1083AE41A388281007EF3C9 /* ViewController.m */ = {isa = PBXFileReference; lastKnownFileType = sourcecode.c.objc; path = ViewController.m; sourceTree = "<group>"; };
		A1083AE91A388281007EF3C9 /* Images.xcassets */ = {isa = PBXFileReference; lastKnownFileType = folder.assetcatalog; path = Images.xcassets; sourceTree = "<group>"; };
		A1083AF21A388281007EF3C9 /* Product CatalogueTests.xctest */ = {isa = PBXFileReference; explicitFileType = wrapper.cfbundle; includeInIndex = 0; name = "Product CatalogueTests.xctest"; path = Tests.xctest; sourceTree = BUILT_PRODUCTS_DIR; };
		A1083AF71A388281007EF3C9 /* Info.plist */ = {isa = PBXFileReference; lastKnownFileType = text.plist.xml; path = Info.plist; sourceTree = "<group>"; };
		A1083AF81A388281007EF3C9 /* Product_CatalogueTests.m */ = {isa = PBXFileReference; lastKnownFileType = sourcecode.c.objc; path = Product_CatalogueTests.m; sourceTree = "<group>"; };
		A1D3A4741A38845B001DF93D /* Base */ = {isa = PBXFileReference; lastKnownFileType = file.xib; name = Base; path = Base.lproj/LaunchScreen.xib; sourceTree = "<group>"; };
		A1D3A4761A38845B001DF93D /* Base */ = {isa = PBXFileReference; lastKnownFileType = file.storyboard; name = Base; path = Base.lproj/Main.storyboard; sourceTree = "<group>"; };
/* End PBXFileReference section */

/* Begin PBXFrameworksBuildPhase section */
		A1083AD61A388280007EF3C9 /* Frameworks */ = {
			isa = PBXFrameworksBuildPhase;
			buildActionMask = 2147483647;
			files = (
			);
			runOnlyForDeploymentPostprocessing = 0;
		};
		A1083AEF1A388281007EF3C9 /* Frameworks */ = {
			isa = PBXFrameworksBuildPhase;
			buildActionMask = 2147483647;
			files = (
			);
			runOnlyForDeploymentPostprocessing = 0;
		};
/* End PBXFrameworksBuildPhase section */

/* Begin PBXGroup section */
		A1083AD01A388280007EF3C9 = {
			isa = PBXGroup;
			children = (
				A1083ADB1A388280007EF3C9 /* Code */,
				A1083ADA1A388280007EF3C9 /* Products */,
				A1083B021A388296007EF3C9 /* Resources */,
				A1083ADC1A388280007EF3C9 /* Supporting Files */,
				A1083AF51A388281007EF3C9 /* Tests */,
			);
			sourceTree = "<group>";
		};
		A1083ADA1A388280007EF3C9 /* Products */ = {
			isa = PBXGroup;
			children = (
				A1083AD91A388280007EF3C9 /* Product Catalogue.app */,
				A1083AF21A388281007EF3C9 /* Product CatalogueTests.xctest */,
			);
			name = Products;
			sourceTree = "<group>";
		};
		A1083ADB1A388280007EF3C9 /* Code */ = {
			isa = PBXGroup;
			children = (
				A1083AE01A388281007EF3C9 /* AppDelegate.h */,
				A1083AE11A388281007EF3C9 /* AppDelegate.m */,
				A1083AE31A388281007EF3C9 /* ViewController.h */,
				A1083AE41A388281007EF3C9 /* ViewController.m */,
			);
			name = Code;
			path = "Product Catalogue";
			sourceTree = "<group>";
		};
		A1083ADC1A388280007EF3C9 /* Supporting Files */ = {
			isa = PBXGroup;
			children = (
				A1083ADD1A388281007EF3C9 /* Info.plist */,
				A1083ADE1A388281007EF3C9 /* main.m */,
			);
			path = "Supporting Files";
			sourceTree = "<group>";
		};
		A1083AF51A388281007EF3C9 /* Tests */ = {
			isa = PBXGroup;
			children = (
				A1083AF71A388281007EF3C9 /* Info.plist */,
				A1083AF81A388281007EF3C9 /* Product_CatalogueTests.m */,
			);
			path = Tests;
			sourceTree = "<group>";
		};
		A1083B021A388296007EF3C9 /* Resources */ = {
			isa = PBXGroup;
			children = (
				A1D3A4731A38845B001DF93D /* LaunchScreen.xib */,
				A1D3A4751A38845B001DF93D /* Main.storyboard */,
				A1083AE91A388281007EF3C9 /* Images.xcassets */,
			);
			path = Resources;
			sourceTree = "<group>";
		};
/* End PBXGroup section */

/* Begin PBXNativeTarget section */
		A1083AD81A388280007EF3C9 /* Product Catalogue */ = {
			isa = PBXNativeTarget;
			buildConfigurationList = A1083AFC1A388281007EF3C9 /* Build configuration list for PBXNativeTarget "Product Catalogue" */;
			buildPhases = (
				A1083AD51A388280007EF3C9 /* Sources */,
				A1083AD61A388280007EF3C9 /* Frameworks */,
				A1083AD71A388280007EF3C9 /* Resources */,
			);
			buildRules = (
			);
			dependencies = (
			);
			name = "Product Catalogue";
			productName = "Product Catalogue";
			productReference = A1083AD91A388280007EF3C9 /* Product Catalogue.app */;
			productType = "com.apple.product-type.application";
		};
		A1083AF11A388281007EF3C9 /* Tests */ = {
			isa = PBXNativeTarget;
			buildConfigurationList = A1083AFF1A388281007EF3C9 /* Build configuration list for PBXNativeTarget "Tests" */;
			buildPhases = (
				A1083AEE1A388281007EF3C9 /* Sources */,
				A1083AEF1A388281007EF3C9 /* Frameworks */,
				A1083AF01A388281007EF3C9 /* Resources */,
			);
			buildRules = (
			);
			dependencies = (
				A1083AF41A388281007EF3C9 /* PBXTargetDependency */,
			);
			name = Tests;
			productName = "Product CatalogueTests";
			productReference = A1083AF21A388281007EF3C9 /* Product CatalogueTests.xctest */;
			productType = "com.apple.product-type.bundle.unit-test";
		};
/* End PBXNativeTarget section */

/* Begin PBXProject section */
		A1083AD11A388280007EF3C9 /* Project object */ = {
			isa = PBXProject;
			attributes = {
				LastUpgradeCheck = 0610;
				ORGANIZATIONNAME = "Boris Bügling";
				TargetAttributes = {
					A1083AD81A388280007EF3C9 = {
						CreatedOnToolsVersion = 6.1;
					};
					A1083AF11A388281007EF3C9 = {
						CreatedOnToolsVersion = 6.1;
						TestTargetID = A1083AD81A388280007EF3C9;
					};
				};
			};
			buildConfigurationList = A1083AD41A388280007EF3C9 /* Build configuration list for PBXProject "Product Catalogue" */;
			compatibilityVersion = "Xcode 3.2";
			developmentRegion = English;
			hasScannedForEncodings = 0;
			knownRegions = (
				en,
				Base,
			);
			mainGroup = A1083AD01A388280007EF3C9;
			productRefGroup = A1083ADA1A388280007EF3C9 /* Products */;
			projectDirPath = "";
			projectRoot = "";
			targets = (
				A1083AD81A388280007EF3C9 /* Product Catalogue */,
				A1083AF11A388281007EF3C9 /* Tests */,
			);
		};
/* End PBXProject section */

/* Begin PBXResourcesBuildPhase section */
		A1083AD71A388280007EF3C9 /* Resources */ = {
			isa = PBXResourcesBuildPhase;
			buildActionMask = 2147483647;
			files = (
				A1D3A4781A38845B001DF93D /* Main.storyboard in Resources */,
				A1D3A4771A38845B001DF93D /* LaunchScreen.xib in Resources */,
				A1083AEA1A388281007EF3C9 /* Images.xcassets in Resources */,
			);
			runOnlyForDeploymentPostprocessing = 0;
		};
		A1083AF01A388281007EF3C9 /* Resources */ = {
			isa = PBXResourcesBuildPhase;
			buildActionMask = 2147483647;
			files = (
			);
			runOnlyForDeploymentPostprocessing = 0;
		};
/* End PBXResourcesBuildPhase section */

/* Begin PBXSourcesBuildPhase section */
		A1083AD51A388280007EF3C9 /* Sources */ = {
			isa = PBXSourcesBuildPhase;
			buildActionMask = 2147483647;
			files = (
				A1083AE51A388281007EF3C9 /* ViewController.m in Sources */,
				A1083AE21A388281007EF3C9 /* AppDelegate.m in Sources */,
				A1083ADF1A388281007EF3C9 /* main.m in Sources */,
			);
			runOnlyForDeploymentPostprocessing = 0;
		};
		A1083AEE1A388281007EF3C9 /* Sources */ = {
			isa = PBXSourcesBuildPhase;
			buildActionMask = 2147483647;
			files = (
				A1083AF91A388281007EF3C9 /* Product_CatalogueTests.m in Sources */,
			);
			runOnlyForDeploymentPostprocessing = 0;
		};
/* End PBXSourcesBuildPhase section */

/* Begin PBXTargetDependency section */
		A1083AF41A388281007EF3C9 /* PBXTargetDependency */ = {
			isa = PBXTargetDependency;
			target = A1083AD81A388280007EF3C9 /* Product Catalogue */;
			targetProxy = A1083AF31A388281007EF3C9 /* PBXContainerItemProxy */;
		};
/* End PBXTargetDependency section */

/* Begin PBXVariantGroup section */
		A1D3A4731A38845B001DF93D /* LaunchScreen.xib */ = {
			isa = PBXVariantGroup;
			children = (
				A1D3A4741A38845B001DF93D /* Base */,
			);
			name = LaunchScreen.xib;
			sourceTree = "<group>";
		};
		A1D3A4751A38845B001DF93D /* Main.storyboard */ = {
			isa = PBXVariantGroup;
			children = (
				A1D3A4761A38845B001DF93D /* Base */,
			);
			name = Main.storyboard;
			sourceTree = "<group>";
		};
/* End PBXVariantGroup section */

/* Begin XCBuildConfiguration section */
		A1083AFA1A388281007EF3C9 /* Debug */ = {
			isa = XCBuildConfiguration;
			buildSettings = {
				ALWAYS_SEARCH_USER_PATHS = NO;
				CLANG_CXX_LANGUAGE_STANDARD = "gnu++0x";
				CLANG_CXX_LIBRARY = "libc++";
				CLANG_ENABLE_MODULES = YES;
				CLANG_ENABLE_OBJC_ARC = YES;
				CLANG_WARN_BOOL_CONVERSION = YES;
				CLANG_WARN_CONSTANT_CONVERSION = YES;
				CLANG_WARN_DIRECT_OBJC_ISA_USAGE = YES_ERROR;
				CLANG_WARN_EMPTY_BODY = YES;
				CLANG_WARN_ENUM_CONVERSION = YES;
				CLANG_WARN_INT_CONVERSION = YES;
				CLANG_WARN_OBJC_ROOT_CLASS = YES_ERROR;
				CLANG_WARN_UNREACHABLE_CODE = YES;
				CLANG_WARN__DUPLICATE_METHOD_MATCH = YES;
				"CODE_SIGN_IDENTITY[sdk=iphoneos*]" = "iPhone Developer";
				COPY_PHASE_STRIP = NO;
				ENABLE_STRICT_OBJC_MSGSEND = YES;
				GCC_C_LANGUAGE_STANDARD = gnu99;
				GCC_DYNAMIC_NO_PIC = NO;
				GCC_OPTIMIZATION_LEVEL = 0;
				GCC_PREPROCESSOR_DEFINITIONS = (
					"DEBUG=1",
					"$(inherited)",
				);
				GCC_SYMBOLS_PRIVATE_EXTERN = NO;
				GCC_WARN_64_TO_32_BIT_CONVERSION = YES;
				GCC_WARN_ABOUT_RETURN_TYPE = YES_ERROR;
				GCC_WARN_UNDECLARED_SELECTOR = YES;
				GCC_WARN_UNINITIALIZED_AUTOS = YES_AGGRESSIVE;
				GCC_WARN_UNUSED_FUNCTION = YES;
				GCC_WARN_UNUSED_VARIABLE = YES;
				IPHONEOS_DEPLOYMENT_TARGET = 8.0;
				MTL_ENABLE_DEBUG_INFO = YES;
				ONLY_ACTIVE_ARCH = YES;
				SDKROOT = iphoneos;
			};
			name = Debug;
		};
		A1083AFB1A388281007EF3C9 /* Release */ = {
			isa = XCBuildConfiguration;
			buildSettings = {
				ALWAYS_SEARCH_USER_PATHS = NO;
				CLANG_CXX_LANGUAGE_STANDARD = "gnu++0x";
				CLANG_CXX_LIBRARY = "libc++";
				CLANG_ENABLE_MODULES = YES;
				CLANG_ENABLE_OBJC_ARC = YES;
				CLANG_WARN_BOOL_CONVERSION = YES;
				CLANG_WARN_CONSTANT_CONVERSION = YES;
				CLANG_WARN_DIRECT_OBJC_ISA_USAGE = YES_ERROR;
				CLANG_WARN_EMPTY_BODY = YES;
				CLANG_WARN_ENUM_CONVERSION = YES;
				CLANG_WARN_INT_CONVERSION = YES;
				CLANG_WARN_OBJC_ROOT_CLASS = YES_ERROR;
				CLANG_WARN_UNREACHABLE_CODE = YES;
				CLANG_WARN__DUPLICATE_METHOD_MATCH = YES;
				"CODE_SIGN_IDENTITY[sdk=iphoneos*]" = "iPhone Developer";
				COPY_PHASE_STRIP = YES;
				ENABLE_NS_ASSERTIONS = NO;
				ENABLE_STRICT_OBJC_MSGSEND = YES;
				GCC_C_LANGUAGE_STANDARD = gnu99;
				GCC_WARN_64_TO_32_BIT_CONVERSION = YES;
				GCC_WARN_ABOUT_RETURN_TYPE = YES_ERROR;
				GCC_WARN_UNDECLARED_SELECTOR = YES;
				GCC_WARN_UNINITIALIZED_AUTOS = YES_AGGRESSIVE;
				GCC_WARN_UNUSED_FUNCTION = YES;
				GCC_WARN_UNUSED_VARIABLE = YES;
				IPHONEOS_DEPLOYMENT_TARGET = 8.0;
				MTL_ENABLE_DEBUG_INFO = NO;
				SDKROOT = iphoneos;
				VALIDATE_PRODUCT = YES;
			};
			name = Release;
		};
		A1083AFD1A388281007EF3C9 /* Debug */ = {
			isa = XCBuildConfiguration;
			buildSettings = {
				ASSETCATALOG_COMPILER_APPICON_NAME = AppIcon;
				INFOPLIST_FILE = "Supporting Files/Info.plist";
				LD_RUNPATH_SEARCH_PATHS = "$(inherited) @executable_path/Frameworks";
				PRODUCT_NAME = "$(TARGET_NAME)";
			};
			name = Debug;
		};
		A1083AFE1A388281007EF3C9 /* Release */ = {
			isa = XCBuildConfiguration;
			buildSettings = {
				ASSETCATALOG_COMPILER_APPICON_NAME = AppIcon;
				INFOPLIST_FILE = "Supporting Files/Info.plist";
				LD_RUNPATH_SEARCH_PATHS = "$(inherited) @executable_path/Frameworks";
				PRODUCT_NAME = "$(TARGET_NAME)";
			};
			name = Release;
		};
		A1083B001A388281007EF3C9 /* Debug */ = {
			isa = XCBuildConfiguration;
			buildSettings = {
				BUNDLE_LOADER = "$(TEST_HOST)";
				FRAMEWORK_SEARCH_PATHS = (
					"$(SDKROOT)/Developer/Library/Frameworks",
					"$(inherited)",
				);
				GCC_PREPROCESSOR_DEFINITIONS = (
					"DEBUG=1",
					"$(inherited)",
				);
				INFOPLIST_FILE = Tests/Info.plist;
				LD_RUNPATH_SEARCH_PATHS = "$(inherited) @executable_path/Frameworks @loader_path/Frameworks";
				PRODUCT_NAME = "$(TARGET_NAME)";
				TEST_HOST = "$(BUILT_PRODUCTS_DIR)/Product Catalogue.app/Product Catalogue";
			};
			name = Debug;
		};
		A1083B011A388281007EF3C9 /* Release */ = {
			isa = XCBuildConfiguration;
			buildSettings = {
				BUNDLE_LOADER = "$(TEST_HOST)";
				FRAMEWORK_SEARCH_PATHS = (
					"$(SDKROOT)/Developer/Library/Frameworks",
					"$(inherited)",
				);
				INFOPLIST_FILE = Tests/Info.plist;
				LD_RUNPATH_SEARCH_PATHS = "$(inherited) @executable_path/Frameworks @loader_path/Frameworks";
				PRODUCT_NAME = "$(TARGET_NAME)";
				TEST_HOST = "$(BUILT_PRODUCTS_DIR)/Product Catalogue.app/Product Catalogue";
			};
			name = Release;
		};
/* End XCBuildConfiguration section */

/* Begin XCConfigurationList section */
		A1083AD41A388280007EF3C9 /* Build configuration list for PBXProject "Product Catalogue" */ = {
			isa = XCConfigurationList;
			buildConfigurations = (
				A1083AFA1A388281007EF3C9 /* Debug */,
				A1083AFB1A388281007EF3C9 /* Release */,
			);
			defaultConfigurationIsVisible = 0;
			defaultConfigurationName = Release;
		};
		A1083AFC1A388281007EF3C9 /* Build configuration list for PBXNativeTarget "Product Catalogue" */ = {
			isa = XCConfigurationList;
			buildConfigurations = (
				A1083AFD1A388281007EF3C9 /* Debug */,
				A1083AFE1A388281007EF3C9 /* Release */,
			);
			defaultConfigurationIsVisible = 0;
			defaultConfigurationName = Release;
		};
		A1083AFF1A388281007EF3C9 /* Build configuration list for PBXNativeTarget "Tests" */ = {
			isa = XCConfigurationList;
			buildConfigurations = (
				A1083B001A388281007EF3C9 /* Debug */,
				A1083B011A388281007EF3C9 /* Release */,
			);
			defaultConfigurationIsVisible = 0;
			defaultConfigurationName = Release;
		};
/* End XCConfigurationList section */
	};
	rootObject = A1083AD11A388280007EF3C9 /* Project object */;
}
